// !$*UTF8*$!
{
	archiveVersion = 1;
	classes = {
	};
	objectVersion = 46;
	objects = {

/* Begin PBXBuildFile section */
		D90011A31EED969500BDFEE3 /* AppDelegate.swift in Sources */ = {isa = PBXBuildFile; fileRef = D90011A21EED969500BDFEE3 /* AppDelegate.swift */; };
		D90011A51EED969500BDFEE3 /* ViewController.swift in Sources */ = {isa = PBXBuildFile; fileRef = D90011A41EED969500BDFEE3 /* ViewController.swift */; };
		D90011A81EED969500BDFEE3 /* Main.storyboard in Resources */ = {isa = PBXBuildFile; fileRef = D90011A61EED969500BDFEE3 /* Main.storyboard */; };
		D90011AA1EED969600BDFEE3 /* Assets.xcassets in Resources */ = {isa = PBXBuildFile; fileRef = D90011A91EED969600BDFEE3 /* Assets.xcassets */; };
		D90011AD1EED969600BDFEE3 /* LaunchScreen.storyboard in Resources */ = {isa = PBXBuildFile; fileRef = D90011AB1EED969600BDFEE3 /* LaunchScreen.storyboard */; };
		D90011B51EED98ED00BDFEE3 /* FileManager.swift in Sources */ = {isa = PBXBuildFile; fileRef = D90011B41EED98ED00BDFEE3 /* FileManager.swift */; };
		D90011B71EED990B00BDFEE3 /* CollectionCell.swift in Sources */ = {isa = PBXBuildFile; fileRef = D90011B61EED990B00BDFEE3 /* CollectionCell.swift */; };
		D90011B91EED992D00BDFEE3 /* CollectionCell.xib in Resources */ = {isa = PBXBuildFile; fileRef = D90011B81EED992D00BDFEE3 /* CollectionCell.xib */; };
		D90011C51EED996900BDFEE3 /* Hoodie1.jpeg in Resources */ = {isa = PBXBuildFile; fileRef = D90011BF1EED996900BDFEE3 /* Hoodie1.jpeg */; };
		D90011C61EED996900BDFEE3 /* Hoodie2.jpeg in Resources */ = {isa = PBXBuildFile; fileRef = D90011C01EED996900BDFEE3 /* Hoodie2.jpeg */; };
		D90011C71EED996900BDFEE3 /* Hoodie3.jpeg in Resources */ = {isa = PBXBuildFile; fileRef = D90011C11EED996900BDFEE3 /* Hoodie3.jpeg */; };
		D90011C81EED996900BDFEE3 /* Hoodie4.jpeg in Resources */ = {isa = PBXBuildFile; fileRef = D90011C21EED996900BDFEE3 /* Hoodie4.jpeg */; };
		D90011C91EED996900BDFEE3 /* Hoodie5.jpeg in Resources */ = {isa = PBXBuildFile; fileRef = D90011C31EED996900BDFEE3 /* Hoodie5.jpeg */; };
		D90011CA1EED996900BDFEE3 /* Hoodie6.jpeg in Resources */ = {isa = PBXBuildFile; fileRef = D90011C41EED996900BDFEE3 /* Hoodie6.jpeg */; };
		D90011D11EED997600BDFEE3 /* Gloves1.jpeg in Resources */ = {isa = PBXBuildFile; fileRef = D90011CB1EED997600BDFEE3 /* Gloves1.jpeg */; };
		D90011D21EED997600BDFEE3 /* Gloves2.jpeg in Resources */ = {isa = PBXBuildFile; fileRef = D90011CC1EED997600BDFEE3 /* Gloves2.jpeg */; };
		D90011D31EED997600BDFEE3 /* Gloves3.jpeg in Resources */ = {isa = PBXBuildFile; fileRef = D90011CD1EED997600BDFEE3 /* Gloves3.jpeg */; };
		D90011D41EED997600BDFEE3 /* Gloves4.jpeg in Resources */ = {isa = PBXBuildFile; fileRef = D90011CE1EED997600BDFEE3 /* Gloves4.jpeg */; };
		D90011D51EED997600BDFEE3 /* Gloves5.jpeg in Resources */ = {isa = PBXBuildFile; fileRef = D90011CF1EED997600BDFEE3 /* Gloves5.jpeg */; };
		D90011D61EED997600BDFEE3 /* Gloves6.jpeg in Resources */ = {isa = PBXBuildFile; fileRef = D90011D01EED997600BDFEE3 /* Gloves6.jpeg */; };
		D90011DE1EED998100BDFEE3 /* Boots1.jpeg in Resources */ = {isa = PBXBuildFile; fileRef = D90011D71EED998100BDFEE3 /* Boots1.jpeg */; };
		D90011DF1EED998100BDFEE3 /* Boots2.jpeg in Resources */ = {isa = PBXBuildFile; fileRef = D90011D81EED998100BDFEE3 /* Boots2.jpeg */; };
		D90011E01EED998100BDFEE3 /* Boots3.jpeg in Resources */ = {isa = PBXBuildFile; fileRef = D90011D91EED998100BDFEE3 /* Boots3.jpeg */; };
		D90011E11EED998100BDFEE3 /* Boots4.jpeg in Resources */ = {isa = PBXBuildFile; fileRef = D90011DA1EED998100BDFEE3 /* Boots4.jpeg */; };
		D90011E21EED998100BDFEE3 /* Boots5.jpeg in Resources */ = {isa = PBXBuildFile; fileRef = D90011DB1EED998100BDFEE3 /* Boots5.jpeg */; };
		D90011E31EED998100BDFEE3 /* Boots6.jpeg in Resources */ = {isa = PBXBuildFile; fileRef = D90011DC1EED998100BDFEE3 /* Boots6.jpeg */; };
		D90011E41EED998100BDFEE3 /* Boots7.jpeg in Resources */ = {isa = PBXBuildFile; fileRef = D90011DD1EED998100BDFEE3 /* Boots7.jpeg */; };
		D90011EA1EED998C00BDFEE3 /* Bindings1.jpeg in Resources */ = {isa = PBXBuildFile; fileRef = D90011E51EED998C00BDFEE3 /* Bindings1.jpeg */; };
		D90011EB1EED998C00BDFEE3 /* Bindings2.jpeg in Resources */ = {isa = PBXBuildFile; fileRef = D90011E61EED998C00BDFEE3 /* Bindings2.jpeg */; };
		D90011EC1EED998C00BDFEE3 /* Bindings3.jpeg in Resources */ = {isa = PBXBuildFile; fileRef = D90011E71EED998C00BDFEE3 /* Bindings3.jpeg */; };
		D90011ED1EED998C00BDFEE3 /* Bindings4.jpeg in Resources */ = {isa = PBXBuildFile; fileRef = D90011E81EED998C00BDFEE3 /* Bindings4.jpeg */; };
		D90011EE1EED998C00BDFEE3 /* Bindings5.jpeg in Resources */ = {isa = PBXBuildFile; fileRef = D90011E91EED998C00BDFEE3 /* Bindings5.jpeg */; };
		D90011F11EED9B1200BDFEE3 /* GlidingCollection.swift in Sources */ = {isa = PBXBuildFile; fileRef = D90011F01EED9B1200BDFEE3 /* GlidingCollection.swift */; };
		D90011F31EED9B2000BDFEE3 /* GlidingConfig.swift in Sources */ = {isa = PBXBuildFile; fileRef = D90011F21EED9B2000BDFEE3 /* GlidingConfig.swift */; };
		D90011F51EED9B3500BDFEE3 /* GlidingLayout.swift in Sources */ = {isa = PBXBuildFile; fileRef = D90011F41EED9B3500BDFEE3 /* GlidingLayout.swift */; };
		D90011F71EED9C0100BDFEE3 /* Collection.swift in Sources */ = {isa = PBXBuildFile; fileRef = D90011F61EED9C0100BDFEE3 /* Collection.swift */; };
		D90011F91EED9C2200BDFEE3 /* GlidingCollectionDataSource.swift in Sources */ = {isa = PBXBuildFile; fileRef = D90011F81EED9C2200BDFEE3 /* GlidingCollectionDataSource.swift */; };
		D90011FB1EED9C3400BDFEE3 /* GlidingCollectionDelegate.swift in Sources */ = {isa = PBXBuildFile; fileRef = D90011FA1EED9C3400BDFEE3 /* GlidingCollectionDelegate.swift */; };
		D90011FE1EED9C9500BDFEE3 /* Info.plist in Resources */ = {isa = PBXBuildFile; fileRef = D90011FD1EED9C9500BDFEE3 /* Info.plist */; };
/* End PBXBuildFile section */

/* Begin PBXFileReference section */
		D900119F1EED969500BDFEE3 /* DemoGliding.app */ = {isa = PBXFileReference; explicitFileType = wrapper.application; includeInIndex = 0; path = DemoGliding.app; sourceTree = BUILT_PRODUCTS_DIR; };
		D90011A21EED969500BDFEE3 /* AppDelegate.swift */ = {isa = PBXFileReference; lastKnownFileType = sourcecode.swift; path = AppDelegate.swift; sourceTree = "<group>"; };
		D90011A41EED969500BDFEE3 /* ViewController.swift */ = {isa = PBXFileReference; lastKnownFileType = sourcecode.swift; path = ViewController.swift; sourceTree = "<group>"; };
		D90011A71EED969500BDFEE3 /* Base */ = {isa = PBXFileReference; lastKnownFileType = file.storyboard; name = Base; path = Base.lproj/Main.storyboard; sourceTree = "<group>"; };
		D90011A91EED969600BDFEE3 /* Assets.xcassets */ = {isa = PBXFileReference; lastKnownFileType = folder.assetcatalog; path = Assets.xcassets; sourceTree = "<group>"; };
		D90011AC1EED969600BDFEE3 /* Base */ = {isa = PBXFileReference; lastKnownFileType = file.storyboard; name = Base; path = Base.lproj/LaunchScreen.storyboard; sourceTree = "<group>"; };
		D90011AE1EED969600BDFEE3 /* Info.plist */ = {isa = PBXFileReference; lastKnownFileType = text.plist.xml; path = Info.plist; sourceTree = "<group>"; };
		D90011B41EED98ED00BDFEE3 /* FileManager.swift */ = {isa = PBXFileReference; fileEncoding = 4; lastKnownFileType = sourcecode.swift; path = FileManager.swift; sourceTree = "<group>"; };
		D90011B61EED990B00BDFEE3 /* CollectionCell.swift */ = {isa = PBXFileReference; fileEncoding = 4; lastKnownFileType = sourcecode.swift; path = CollectionCell.swift; sourceTree = "<group>"; };
		D90011B81EED992D00BDFEE3 /* CollectionCell.xib */ = {isa = PBXFileReference; fileEncoding = 4; lastKnownFileType = file.xib; path = CollectionCell.xib; sourceTree = "<group>"; };
		D90011BF1EED996900BDFEE3 /* Hoodie1.jpeg */ = {isa = PBXFileReference; lastKnownFileType = image.jpeg; path = Hoodie1.jpeg; sourceTree = "<group>"; };
		D90011C01EED996900BDFEE3 /* Hoodie2.jpeg */ = {isa = PBXFileReference; lastKnownFileType = image.jpeg; path = Hoodie2.jpeg; sourceTree = "<group>"; };
		D90011C11EED996900BDFEE3 /* Hoodie3.jpeg */ = {isa = PBXFileReference; lastKnownFileType = image.jpeg; path = Hoodie3.jpeg; sourceTree = "<group>"; };
		D90011C21EED996900BDFEE3 /* Hoodie4.jpeg */ = {isa = PBXFileReference; lastKnownFileType = image.jpeg; path = Hoodie4.jpeg; sourceTree = "<group>"; };
		D90011C31EED996900BDFEE3 /* Hoodie5.jpeg */ = {isa = PBXFileReference; lastKnownFileType = image.jpeg; path = Hoodie5.jpeg; sourceTree = "<group>"; };
		D90011C41EED996900BDFEE3 /* Hoodie6.jpeg */ = {isa = PBXFileReference; lastKnownFileType = image.jpeg; path = Hoodie6.jpeg; sourceTree = "<group>"; };
		D90011CB1EED997600BDFEE3 /* Gloves1.jpeg */ = {isa = PBXFileReference; lastKnownFileType = image.jpeg; path = Gloves1.jpeg; sourceTree = "<group>"; };
		D90011CC1EED997600BDFEE3 /* Gloves2.jpeg */ = {isa = PBXFileReference; lastKnownFileType = image.jpeg; path = Gloves2.jpeg; sourceTree = "<group>"; };
		D90011CD1EED997600BDFEE3 /* Gloves3.jpeg */ = {isa = PBXFileReference; lastKnownFileType = image.jpeg; path = Gloves3.jpeg; sourceTree = "<group>"; };
		D90011CE1EED997600BDFEE3 /* Gloves4.jpeg */ = {isa = PBXFileReference; lastKnownFileType = image.jpeg; path = Gloves4.jpeg; sourceTree = "<group>"; };
		D90011CF1EED997600BDFEE3 /* Gloves5.jpeg */ = {isa = PBXFileReference; lastKnownFileType = image.jpeg; path = Gloves5.jpeg; sourceTree = "<group>"; };
		D90011D01EED997600BDFEE3 /* Gloves6.jpeg */ = {isa = PBXFileReference; lastKnownFileType = image.jpeg; path = Gloves6.jpeg; sourceTree = "<group>"; };
		D90011D71EED998100BDFEE3 /* Boots1.jpeg */ = {isa = PBXFileReference; lastKnownFileType = image.jpeg; path = Boots1.jpeg; sourceTree = "<group>"; };
		D90011D81EED998100BDFEE3 /* Boots2.jpeg */ = {isa = PBXFileReference; lastKnownFileType = image.jpeg; path = Boots2.jpeg; sourceTree = "<group>"; };
		D90011D91EED998100BDFEE3 /* Boots3.jpeg */ = {isa = PBXFileReference; lastKnownFileType = image.jpeg; path = Boots3.jpeg; sourceTree = "<group>"; };
		D90011DA1EED998100BDFEE3 /* Boots4.jpeg */ = {isa = PBXFileReference; lastKnownFileType = image.jpeg; path = Boots4.jpeg; sourceTree = "<group>"; };
		D90011DB1EED998100BDFEE3 /* Boots5.jpeg */ = {isa = PBXFileReference; lastKnownFileType = image.jpeg; path = Boots5.jpeg; sourceTree = "<group>"; };
		D90011DC1EED998100BDFEE3 /* Boots6.jpeg */ = {isa = PBXFileReference; lastKnownFileType = image.jpeg; path = Boots6.jpeg; sourceTree = "<group>"; };
		D90011DD1EED998100BDFEE3 /* Boots7.jpeg */ = {isa = PBXFileReference; lastKnownFileType = image.jpeg; path = Boots7.jpeg; sourceTree = "<group>"; };
		D90011E51EED998C00BDFEE3 /* Bindings1.jpeg */ = {isa = PBXFileReference; lastKnownFileType = image.jpeg; path = Bindings1.jpeg; sourceTree = "<group>"; };
		D90011E61EED998C00BDFEE3 /* Bindings2.jpeg */ = {isa = PBXFileReference; lastKnownFileType = image.jpeg; path = Bindings2.jpeg; sourceTree = "<group>"; };
		D90011E71EED998C00BDFEE3 /* Bindings3.jpeg */ = {isa = PBXFileReference; lastKnownFileType = image.jpeg; path = Bindings3.jpeg; sourceTree = "<group>"; };
		D90011E81EED998C00BDFEE3 /* Bindings4.jpeg */ = {isa = PBXFileReference; lastKnownFileType = image.jpeg; path = Bindings4.jpeg; sourceTree = "<group>"; };
		D90011E91EED998C00BDFEE3 /* Bindings5.jpeg */ = {isa = PBXFileReference; lastKnownFileType = image.jpeg; path = Bindings5.jpeg; sourceTree = "<group>"; };
		D90011F01EED9B1200BDFEE3 /* GlidingCollection.swift */ = {isa = PBXFileReference; fileEncoding = 4; lastKnownFileType = sourcecode.swift; path = GlidingCollection.swift; sourceTree = "<group>"; };
		D90011F21EED9B2000BDFEE3 /* GlidingConfig.swift */ = {isa = PBXFileReference; fileEncoding = 4; lastKnownFileType = sourcecode.swift; path = GlidingConfig.swift; sourceTree = "<group>"; };
		D90011F41EED9B3500BDFEE3 /* GlidingLayout.swift */ = {isa = PBXFileReference; fileEncoding = 4; lastKnownFileType = sourcecode.swift; path = GlidingLayout.swift; sourceTree = "<group>"; };
		D90011F61EED9C0100BDFEE3 /* Collection.swift */ = {isa = PBXFileReference; fileEncoding = 4; lastKnownFileType = sourcecode.swift; path = Collection.swift; sourceTree = "<group>"; };
		D90011F81EED9C2200BDFEE3 /* GlidingCollectionDataSource.swift */ = {isa = PBXFileReference; fileEncoding = 4; lastKnownFileType = sourcecode.swift; path = GlidingCollectionDataSource.swift; sourceTree = "<group>"; };
		D90011FA1EED9C3400BDFEE3 /* GlidingCollectionDelegate.swift */ = {isa = PBXFileReference; fileEncoding = 4; lastKnownFileType = sourcecode.swift; path = GlidingCollectionDelegate.swift; sourceTree = "<group>"; };
		D90011FC1EED9C7F00BDFEE3 /* GlidingCollection.h */ = {isa = PBXFileReference; lastKnownFileType = sourcecode.c.h; path = GlidingCollection.h; sourceTree = "<group>"; };
		D90011FD1EED9C9500BDFEE3 /* Info.plist */ = {isa = PBXFileReference; fileEncoding = 4; lastKnownFileType = text.plist.xml; path = Info.plist; sourceTree = "<group>"; };
/* End PBXFileReference section */

/* Begin PBXFrameworksBuildPhase section */
		D900119C1EED969500BDFEE3 /* Frameworks */ = {
			isa = PBXFrameworksBuildPhase;
			buildActionMask = 2147483647;
			files = (
			);
			runOnlyForDeploymentPostprocessing = 0;
		};
/* End PBXFrameworksBuildPhase section */

/* Begin PBXGroup section */
		D90011961EED969500BDFEE3 = {
			isa = PBXGroup;
			children = (
				D90011EF1EED99C800BDFEE3 /* GlidingCollection */,
				D90011A11EED969500BDFEE3 /* DemoGliding */,
				D90011A01EED969500BDFEE3 /* Products */,
			);
			sourceTree = "<group>";
		};
		D90011A01EED969500BDFEE3 /* Products */ = {
			isa = PBXGroup;
			children = (
				D900119F1EED969500BDFEE3 /* DemoGliding.app */,
			);
			name = Products;
			sourceTree = "<group>";
		};
		D90011A11EED969500BDFEE3 /* DemoGliding */ = {
			isa = PBXGroup;
			children = (
				D90011BA1EED993C00BDFEE3 /* Images */,
				D90011B81EED992D00BDFEE3 /* CollectionCell.xib */,
				D90011A21EED969500BDFEE3 /* AppDelegate.swift */,
				D90011A41EED969500BDFEE3 /* ViewController.swift */,
				D90011A61EED969500BDFEE3 /* Main.storyboard */,
				D90011A91EED969600BDFEE3 /* Assets.xcassets */,
				D90011AB1EED969600BDFEE3 /* LaunchScreen.storyboard */,
				D90011AE1EED969600BDFEE3 /* Info.plist */,
				D90011B41EED98ED00BDFEE3 /* FileManager.swift */,
				D90011B61EED990B00BDFEE3 /* CollectionCell.swift */,
			);
			path = DemoGliding;
			sourceTree = "<group>";
		};
		D90011BA1EED993C00BDFEE3 /* Images */ = {
			isa = PBXGroup;
			children = (
				D90011BE1EED995B00BDFEE3 /* New Group3 */,
				D90011BD1EED995800BDFEE3 /* New Group2 */,
				D90011BC1EED995500BDFEE3 /* New Group1 */,
				D90011BB1EED994C00BDFEE3 /* New Group */,
			);
			name = Images;
			sourceTree = "<group>";
		};
		D90011BB1EED994C00BDFEE3 /* New Group */ = {
			isa = PBXGroup;
			children = (
				D90011BF1EED996900BDFEE3 /* Hoodie1.jpeg */,
				D90011C01EED996900BDFEE3 /* Hoodie2.jpeg */,
				D90011C11EED996900BDFEE3 /* Hoodie3.jpeg */,
				D90011C21EED996900BDFEE3 /* Hoodie4.jpeg */,
				D90011C31EED996900BDFEE3 /* Hoodie5.jpeg */,
				D90011C41EED996900BDFEE3 /* Hoodie6.jpeg */,
			);
			name = "New Group";
			sourceTree = "<group>";
		};
		D90011BC1EED995500BDFEE3 /* New Group1 */ = {
			isa = PBXGroup;
			children = (
				D90011CB1EED997600BDFEE3 /* Gloves1.jpeg */,
				D90011CC1EED997600BDFEE3 /* Gloves2.jpeg */,
				D90011CD1EED997600BDFEE3 /* Gloves3.jpeg */,
				D90011CE1EED997600BDFEE3 /* Gloves4.jpeg */,
				D90011CF1EED997600BDFEE3 /* Gloves5.jpeg */,
				D90011D01EED997600BDFEE3 /* Gloves6.jpeg */,
			);
			name = "New Group1";
			sourceTree = "<group>";
		};
		D90011BD1EED995800BDFEE3 /* New Group2 */ = {
			isa = PBXGroup;
			children = (
				D90011D71EED998100BDFEE3 /* Boots1.jpeg */,
				D90011D81EED998100BDFEE3 /* Boots2.jpeg */,
				D90011D91EED998100BDFEE3 /* Boots3.jpeg */,
				D90011DA1EED998100BDFEE3 /* Boots4.jpeg */,
				D90011DB1EED998100BDFEE3 /* Boots5.jpeg */,
				D90011DC1EED998100BDFEE3 /* Boots6.jpeg */,
				D90011DD1EED998100BDFEE3 /* Boots7.jpeg */,
			);
			name = "New Group2";
			sourceTree = "<group>";
		};
		D90011BE1EED995B00BDFEE3 /* New Group3 */ = {
			isa = PBXGroup;
			children = (
				D90011E51EED998C00BDFEE3 /* Bindings1.jpeg */,
				D90011E61EED998C00BDFEE3 /* Bindings2.jpeg */,
				D90011E71EED998C00BDFEE3 /* Bindings3.jpeg */,
				D90011E81EED998C00BDFEE3 /* Bindings4.jpeg */,
				D90011E91EED998C00BDFEE3 /* Bindings5.jpeg */,
			);
			name = "New Group3";
			sourceTree = "<group>";
		};
		D90011EF1EED99C800BDFEE3 /* GlidingCollection */ = {
			isa = PBXGroup;
			children = (
				D90011FD1EED9C9500BDFEE3 /* Info.plist */,
				D90011F01EED9B1200BDFEE3 /* GlidingCollection.swift */,
				D90011F21EED9B2000BDFEE3 /* GlidingConfig.swift */,
				D90011F41EED9B3500BDFEE3 /* GlidingLayout.swift */,
				D90011F61EED9C0100BDFEE3 /* Collection.swift */,
				D90011F81EED9C2200BDFEE3 /* GlidingCollectionDataSource.swift */,
				D90011FA1EED9C3400BDFEE3 /* GlidingCollectionDelegate.swift */,
				D90011FC1EED9C7F00BDFEE3 /* GlidingCollection.h */,
			);
			name = GlidingCollection;
			sourceTree = "<group>";
		};
/* End PBXGroup section */

/* Begin PBXNativeTarget section */
		D900119E1EED969500BDFEE3 /* DemoGliding */ = {
			isa = PBXNativeTarget;
			buildConfigurationList = D90011B11EED969600BDFEE3 /* Build configuration list for PBXNativeTarget "DemoGliding" */;
			buildPhases = (
				D900119B1EED969500BDFEE3 /* Sources */,
				D900119C1EED969500BDFEE3 /* Frameworks */,
				D900119D1EED969500BDFEE3 /* Resources */,
			);
			buildRules = (
			);
			dependencies = (
			);
			name = DemoGliding;
			productName = DemoGliding;
			productReference = D900119F1EED969500BDFEE3 /* DemoGliding.app */;
			productType = "com.apple.product-type.application";
		};
/* End PBXNativeTarget section */

/* Begin PBXProject section */
		D90011971EED969500BDFEE3 /* Project object */ = {
			isa = PBXProject;
			attributes = {
				LastSwiftUpdateCheck = 0800;
				LastUpgradeCheck = 0800;
				ORGANIZATIONNAME = Altiarika;
				TargetAttributes = {
					D900119E1EED969500BDFEE3 = {
						CreatedOnToolsVersion = 8.0;
						ProvisioningStyle = Automatic;
					};
				};
			};
			buildConfigurationList = D900119A1EED969500BDFEE3 /* Build configuration list for PBXProject "DemoGliding" */;
			compatibilityVersion = "Xcode 3.2";
			developmentRegion = English;
			hasScannedForEncodings = 0;
			knownRegions = (
				en,
				Base,
			);
			mainGroup = D90011961EED969500BDFEE3;
			productRefGroup = D90011A01EED969500BDFEE3 /* Products */;
			projectDirPath = "";
			projectRoot = "";
			targets = (
				D900119E1EED969500BDFEE3 /* DemoGliding */,
			);
		};
/* End PBXProject section */

/* Begin PBXResourcesBuildPhase section */
		D900119D1EED969500BDFEE3 /* Resources */ = {
			isa = PBXResourcesBuildPhase;
			buildActionMask = 2147483647;
			files = (
				D90011D51EED997600BDFEE3 /* Gloves5.jpeg in Resources */,
				D90011EE1EED998C00BDFEE3 /* Bindings5.jpeg in Resources */,
				D90011CA1EED996900BDFEE3 /* Hoodie6.jpeg in Resources */,
				D90011C51EED996900BDFEE3 /* Hoodie1.jpeg in Resources */,
				D90011AD1EED969600BDFEE3 /* LaunchScreen.storyboard in Resources */,
				D90011C61EED996900BDFEE3 /* Hoodie2.jpeg in Resources */,
				D90011AA1EED969600BDFEE3 /* Assets.xcassets in Resources */,
				D90011E41EED998100BDFEE3 /* Boots7.jpeg in Resources */,
				D90011E11EED998100BDFEE3 /* Boots4.jpeg in Resources */,
				D90011D61EED997600BDFEE3 /* Gloves6.jpeg in Resources */,
				D90011ED1EED998C00BDFEE3 /* Bindings4.jpeg in Resources */,
				D90011EC1EED998C00BDFEE3 /* Bindings3.jpeg in Resources */,
				D90011EA1EED998C00BDFEE3 /* Bindings1.jpeg in Resources */,
				D90011EB1EED998C00BDFEE3 /* Bindings2.jpeg in Resources */,
				D90011C81EED996900BDFEE3 /* Hoodie4.jpeg in Resources */,
				D90011D41EED997600BDFEE3 /* Gloves4.jpeg in Resources */,
				D90011FE1EED9C9500BDFEE3 /* Info.plist in Resources */,
				D90011DE1EED998100BDFEE3 /* Boots1.jpeg in Resources */,
				D90011D21EED997600BDFEE3 /* Gloves2.jpeg in Resources */,
				D90011D31EED997600BDFEE3 /* Gloves3.jpeg in Resources */,
				D90011C91EED996900BDFEE3 /* Hoodie5.jpeg in Resources */,
				D90011C71EED996900BDFEE3 /* Hoodie3.jpeg in Resources */,
				D90011DF1EED998100BDFEE3 /* Boots2.jpeg in Resources */,
				D90011E31EED998100BDFEE3 /* Boots6.jpeg in Resources */,
				D90011D11EED997600BDFEE3 /* Gloves1.jpeg in Resources */,
				D90011A81EED969500BDFEE3 /* Main.storyboard in Resources */,
				D90011E01EED998100BDFEE3 /* Boots3.jpeg in Resources */,
				D90011B91EED992D00BDFEE3 /* CollectionCell.xib in Resources */,
				D90011E21EED998100BDFEE3 /* Boots5.jpeg in Resources */,
			);
			runOnlyForDeploymentPostprocessing = 0;
		};
/* End PBXResourcesBuildPhase section */

/* Begin PBXSourcesBuildPhase section */
		D900119B1EED969500BDFEE3 /* Sources */ = {
			isa = PBXSourcesBuildPhase;
			buildActionMask = 2147483647;
			files = (
				D90011F31EED9B2000BDFEE3 /* GlidingConfig.swift in Sources */,
				D90011B51EED98ED00BDFEE3 /* FileManager.swift in Sources */,
				D90011F51EED9B3500BDFEE3 /* GlidingLayout.swift in Sources */,
				D90011F11EED9B1200BDFEE3 /* GlidingCollection.swift in Sources */,
				D90011A51EED969500BDFEE3 /* ViewController.swift in Sources */,
				D90011A31EED969500BDFEE3 /* AppDelegate.swift in Sources */,
				D90011F91EED9C2200BDFEE3 /* GlidingCollectionDataSource.swift in Sources */,
				D90011FB1EED9C3400BDFEE3 /* GlidingCollectionDelegate.swift in Sources */,
				D90011B71EED990B00BDFEE3 /* CollectionCell.swift in Sources */,
				D90011F71EED9C0100BDFEE3 /* Collection.swift in Sources */,
			);
			runOnlyForDeploymentPostprocessing = 0;
		};
/* End PBXSourcesBuildPhase section */

/* Begin PBXVariantGroup section */
		D90011A61EED969500BDFEE3 /* Main.storyboard */ = {
			isa = PBXVariantGroup;
			children = (
				D90011A71EED969500BDFEE3 /* Base */,
			);
			name = Main.storyboard;
			sourceTree = "<group>";
		};
		D90011AB1EED969600BDFEE3 /* LaunchScreen.storyboard */ = {
			isa = PBXVariantGroup;
			children = (
				D90011AC1EED969600BDFEE3 /* Base */,
			);
			name = LaunchScreen.storyboard;
			sourceTree = "<group>";
		};
/* End PBXVariantGroup section */

/* Begin XCBuildConfiguration section */
		D90011AF1EED969600BDFEE3 /* Debug */ = {
			isa = XCBuildConfiguration;
			buildSettings = {
				ALWAYS_SEARCH_USER_PATHS = NO;
				CLANG_ANALYZER_NONNULL = YES;
				CLANG_CXX_LANGUAGE_STANDARD = "gnu++0x";
				CLANG_CXX_LIBRARY = "libc++";
				CLANG_ENABLE_MODULES = YES;
				CLANG_ENABLE_OBJC_ARC = YES;
				CLANG_WARN_BOOL_CONVERSION = YES;
				CLANG_WARN_CONSTANT_CONVERSION = YES;
				CLANG_WARN_DIRECT_OBJC_ISA_USAGE = YES_ERROR;
				CLANG_WARN_DOCUMENTATION_COMMENTS = YES;
				CLANG_WARN_EMPTY_BODY = YES;
				CLANG_WARN_ENUM_CONVERSION = YES;
				CLANG_WARN_INFINITE_RECURSION = YES;
				CLANG_WARN_INT_CONVERSION = YES;
				CLANG_WARN_OBJC_ROOT_CLASS = YES_ERROR;
				CLANG_WARN_SUSPICIOUS_MOVES = YES;
				CLANG_WARN_UNREACHABLE_CODE = YES;
				CLANG_WARN__DUPLICATE_METHOD_MATCH = YES;
				"CODE_SIGN_IDENTITY[sdk=iphoneos*]" = "iPhone Developer";
				COPY_PHASE_STRIP = NO;
				DEBUG_INFORMATION_FORMAT = dwarf;
				ENABLE_STRICT_OBJC_MSGSEND = YES;
				ENABLE_TESTABILITY = YES;
				GCC_C_LANGUAGE_STANDARD = gnu99;
				GCC_DYNAMIC_NO_PIC = NO;
				GCC_NO_COMMON_BLOCKS = YES;
				GCC_OPTIMIZATION_LEVEL = 0;
				GCC_PREPROCESSOR_DEFINITIONS = (
					"DEBUG=1",
					"$(inherited)",
				);
				GCC_WARN_64_TO_32_BIT_CONVERSION = YES;
				GCC_WARN_ABOUT_RETURN_TYPE = YES_ERROR;
				GCC_WARN_UNDECLARED_SELECTOR = YES;
				GCC_WARN_UNINITIALIZED_AUTOS = YES_AGGRESSIVE;
				GCC_WARN_UNUSED_FUNCTION = YES;
				GCC_WARN_UNUSED_VARIABLE = YES;
				IPHONEOS_DEPLOYMENT_TARGET = 10.0;
				MTL_ENABLE_DEBUG_INFO = YES;
				ONLY_ACTIVE_ARCH = YES;
				SDKROOT = iphoneos;
				SWIFT_ACTIVE_COMPILATION_CONDITIONS = DEBUG;
				SWIFT_OPTIMIZATION_LEVEL = "-Onone";
			};
			name = Debug;
		};
		D90011B01EED969600BDFEE3 /* Release */ = {
			isa = XCBuildConfiguration;
			buildSettings = {
				ALWAYS_SEARCH_USER_PATHS = NO;
				CLANG_ANALYZER_NONNULL = YES;
				CLANG_CXX_LANGUAGE_STANDARD = "gnu++0x";
				CLANG_CXX_LIBRARY = "libc++";
				CLANG_ENABLE_MODULES = YES;
				CLANG_ENABLE_OBJC_ARC = YES;
				CLANG_WARN_BOOL_CONVERSION = YES;
				CLANG_WARN_CONSTANT_CONVERSION = YES;
				CLANG_WARN_DIRECT_OBJC_ISA_USAGE = YES_ERROR;
				CLANG_WARN_DOCUMENTATION_COMMENTS = YES;
				CLANG_WARN_EMPTY_BODY = YES;
				CLANG_WARN_ENUM_CONVERSION = YES;
				CLANG_WARN_INFINITE_RECURSION = YES;
				CLANG_WARN_INT_CONVERSION = YES;
				CLANG_WARN_OBJC_ROOT_CLASS = YES_ERROR;
				CLANG_WARN_SUSPICIOUS_MOVES = YES;
				CLANG_WARN_UNREACHABLE_CODE = YES;
				CLANG_WARN__DUPLICATE_METHOD_MATCH = YES;
				"CODE_SIGN_IDENTITY[sdk=iphoneos*]" = "iPhone Developer";
				COPY_PHASE_STRIP = NO;
				DEBUG_INFORMATION_FORMAT = "dwarf-with-dsym";
				ENABLE_NS_ASSERTIONS = NO;
				ENABLE_STRICT_OBJC_MSGSEND = YES;
				GCC_C_LANGUAGE_STANDARD = gnu99;
				GCC_NO_COMMON_BLOCKS = YES;
				GCC_WARN_64_TO_32_BIT_CONVERSION = YES;
				GCC_WARN_ABOUT_RETURN_TYPE = YES_ERROR;
				GCC_WARN_UNDECLARED_SELECTOR = YES;
				GCC_WARN_UNINITIALIZED_AUTOS = YES_AGGRESSIVE;
				GCC_WARN_UNUSED_FUNCTION = YES;
				GCC_WARN_UNUSED_VARIABLE = YES;
				IPHONEOS_DEPLOYMENT_TARGET = 10.0;
				MTL_ENABLE_DEBUG_INFO = NO;
				SDKROOT = iphoneos;
				SWIFT_OPTIMIZATION_LEVEL = "-Owholemodule";
				VALIDATE_PRODUCT = YES;
			};
			name = Release;
		};
		D90011B21EED969600BDFEE3 /* Debug */ = {
			isa = XCBuildConfiguration;
			buildSettings = {
				ASSETCATALOG_COMPILER_APPICON_NAME = AppIcon;
				INFOPLIST_FILE = DemoGliding/Info.plist;
				LD_RUNPATH_SEARCH_PATHS = "$(inherited) @executable_path/Frameworks";
				PRODUCT_BUNDLE_IDENTIFIER = "xiao-lu.DemoGliding";
				PRODUCT_NAME = "$(TARGET_NAME)";
				SWIFT_VERSION = 3.0;
			};
			name = Debug;
		};
		D90011B31EED969600BDFEE3 /* Release */ = {
			isa = XCBuildConfiguration;
			buildSettings = {
				ASSETCATALOG_COMPILER_APPICON_NAME = AppIcon;
				INFOPLIST_FILE = DemoGliding/Info.plist;
				LD_RUNPATH_SEARCH_PATHS = "$(inherited) @executable_path/Frameworks";
				PRODUCT_BUNDLE_IDENTIFIER = "xiao-lu.DemoGliding";
				PRODUCT_NAME = "$(TARGET_NAME)";
				SWIFT_VERSION = 3.0;
			};
			name = Release;
		};
/* End XCBuildConfiguration section */

/* Begin XCConfigurationList section */
		D900119A1EED969500BDFEE3 /* Build configuration list for PBXProject "DemoGliding" */ = {
			isa = XCConfigurationList;
			buildConfigurations = (
				D90011AF1EED969600BDFEE3 /* Debug */,
				D90011B01EED969600BDFEE3 /* Release */,
			);
			defaultConfigurationIsVisible = 0;
			defaultConfigurationName = Release;
		};
		D90011B11EED969600BDFEE3 /* Build configuration list for PBXNativeTarget "DemoGliding" */ = {
			isa = XCConfigurationList;
			buildConfigurations = (
				D90011B21EED969600BDFEE3 /* Debug */,
				D90011B31EED969600BDFEE3 /* Release */,
			);
			defaultConfigurationIsVisible = 0;
		};
/* End XCConfigurationList section */
	};
	rootObject = D90011971EED969500BDFEE3 /* Project object */;
}
